
Microsoft Visual Studio Solution File, Format Version 10.00
# Visual Studio 2008
Project("{FAE04EC0-301F-11D3-BF4B-00C04F79EFBC}") = "jquery", "jquery\jquery.csproj", "{FEA7617F-0AC1-45F1-8065-AA65D44CD103}"
EndProject
Project("{FAE04EC0-301F-11D3-BF4B-00C04F79EFBC}") = "jquery.Tests", "jquery.Tests\jquery.Tests.csproj", "{1ADC4859-344E-434B-953E-C55E0CFCBE0C}"
EndProject
Global
	GlobalSection(SolutionConfigurationPlatforms) = preSolution
		Debug|Any CPU = Debug|Any CPU
		Release|Any CPU = Release|Any CPU
	EndGlobalSection
	GlobalSection(ProjectConfigurationPlatforms) = postSolution
		{FEA7617F-0AC1-45F1-8065-AA65D44CD103}.Debug|Any CPU.ActiveCfg = Debug|Any CPU
		{FEA7617F-0AC1-45F1-8065-AA65D44CD103}.Debug|Any CPU.Build.0 = Debug|Any CPU
		{FEA7617F-0AC1-45F1-8065-AA65D44CD103}.Release|Any CPU.ActiveCfg = Release|Any CPU
		{FEA7617F-0AC1-45F1-8065-AA65D44CD103}.Release|Any CPU.Build.0 = Release|Any CPU
		{1ADC4859-344E-434B-953E-C55E0CFCBE0C}.Debug|Any CPU.ActiveCfg = Debug|Any CPU
		{1ADC4859-344E-434B-953E-C55E0CFCBE0C}.Debug|Any CPU.Build.0 = Debug|Any CPU
		{1ADC4859-344E-434B-953E-C55E0CFCBE0C}.Release|Any CPU.ActiveCfg = Release|Any CPU
		{1ADC4859-344E-434B-953E-C55E0CFCBE0C}.Release|Any CPU.Build.0 = Release|Any CPU
	EndGlobalSection
	GlobalSection(SolutionProperties) = preSolution
		HideSolutionNode = FALSE
	EndGlobalSection
EndGlobal
